
Microsoft Visual Studio Solution File, Format Version 12.00
# Visual Studio 15
VisualStudioVersion = 15.0.28010.2050
MinimumVisualStudioVersion = 10.0.40219.1
Project("{2150E333-8FDC-42A3-9474-1A3956D46DE8}") = "Solution Items", "Solution Items", "{1A9A10CA-CB73-42A9-8530-5B9AC4C98180}"
EndProject
Project("{8BC9CEB8-8B4A-11D0-8D11-00A0C91BC942}") = "Assignment3", "Assignment3.vcxproj", "{5B4E1431-50E7-4416-8254-4BA69269F04C}"
EndProject
Global
	GlobalSection(SolutionConfigurationPlatforms) = preSolution
		Debug|x86 = Debug|x86
		Release|x86 = Release|x86
	EndGlobalSection
	GlobalSection(ProjectConfigurationPlatforms) = postSolution
		{5B4E1431-50E7-4416-8254-4BA69269F04C}.Debug|x86.ActiveCfg = Debug|Win32
		{5B4E1431-50E7-4416-8254-4BA69269F04C}.Debug|x86.Build.0 = Debug|Win32
		{5B4E1431-50E7-4416-8254-4BA69269F04C}.Release|x86.ActiveCfg = Release|Win32
		{5B4E1431-50E7-4416-8254-4BA69269F04C}.Release|x86.Build.0 = Release|Win32
	EndGlobalSection
	GlobalSection(SolutionProperties) = preSolution
		HideSolutionNode = FALSE
	EndGlobalSection
	GlobalSection(ExtensibilityGlobals) = postSolution
		SolutionGuid = {4735FB33-E912-4AED-92DC-B1B4DF434C25}
	EndGlobalSection
EndGlobal
